
Microsoft Visual Studio Solution File, Format Version 12.00
# Visual Studio Version 17
VisualStudioVersion = 17.14.36301.6 d17.14
MinimumVisualStudioVersion = 10.0.40219.1
Project("{FAE04EC0-301F-11D3-BF4B-00C04F79EFBC}") = "MLSampleAppConsole", "MLSampleAppConsole\MLSampleAppConsole.csproj", "{CFFA6D9F-9613-4F1A-BFE1-B2869FE97540}"
EndProject
Project("{FAE04EC0-301F-11D3-BF4B-00C04F79EFBC}") = "AIWebApp", "AIWebApp\AIWebApp.csproj", "{12A6E39D-D713-4B90-9396-A0F5A4143F22}"
EndProject
Global
	GlobalSection(SolutionConfigurationPlatforms) = preSolution
		Debug|Any CPU = Debug|Any CPU
		Release|Any CPU = Release|Any CPU
	EndGlobalSection
	GlobalSection(ProjectConfigurationPlatforms) = postSolution
		{CFFA6D9F-9613-4F1A-BFE1-B2869FE97540}.Debug|Any CPU.ActiveCfg = Debug|Any CPU
		{CFFA6D9F-9613-4F1A-BFE1-B2869FE97540}.Debug|Any CPU.Build.0 = Debug|Any CPU
		{CFFA6D9F-9613-4F1A-BFE1-B2869FE97540}.Release|Any CPU.ActiveCfg = Release|Any CPU
		{CFFA6D9F-9613-4F1A-BFE1-B2869FE97540}.Release|Any CPU.Build.0 = Release|Any CPU
		{12A6E39D-D713-4B90-9396-A0F5A4143F22}.Debug|Any CPU.ActiveCfg = Debug|Any CPU
		{12A6E39D-D713-4B90-9396-A0F5A4143F22}.Debug|Any CPU.Build.0 = Debug|Any CPU
		{12A6E39D-D713-4B90-9396-A0F5A4143F22}.Release|Any CPU.ActiveCfg = Release|Any CPU
		{12A6E39D-D713-4B90-9396-A0F5A4143F22}.Release|Any CPU.Build.0 = Release|Any CPU
	EndGlobalSection
	GlobalSection(SolutionProperties) = preSolution
		HideSolutionNode = FALSE
	EndGlobalSection
	GlobalSection(ExtensibilityGlobals) = postSolution
		SolutionGuid = {BF509B9C-0121-4CE3-8F8D-F6FA8844FDD6}
	EndGlobalSection
EndGlobal
